
Microsoft Visual Studio Solution File, Format Version 12.00
# Visual Studio Version 17
VisualStudioVersion = 17.3.32901.215
MinimumVisualStudioVersion = 10.0.40219.1
Project("{FAE04EC0-301F-11D3-BF4B-00C04F79EFBC}") = "CSharpPracticeProgram", "CSharpPracticeProgram\CSharpPracticeProgram.csproj", "{9C29DEA5-C913-4A05-B14A-F9D37E50D5C7}"
EndProject
Project("{FAE04EC0-301F-11D3-BF4B-00C04F79EFBC}") = "CSharpPracticeProgramTests", "CSharpPracticeProgramTests\CSharpPracticeProgramTests.csproj", "{4D7FE2E5-AC6A-482C-8B58-0CEC3082F568}"
EndProject
Project("{2150E333-8FDC-42A3-9474-1A3956D46DE8}") = "Solution Items", "Solution Items", "{FF5A669C-D449-4837-AB5C-8664690B66E5}"
EndProject
Global
	GlobalSection(SolutionConfigurationPlatforms) = preSolution
		Debug|Any CPU = Debug|Any CPU
		Release|Any CPU = Release|Any CPU
	EndGlobalSection
	GlobalSection(ProjectConfigurationPlatforms) = postSolution
		{9C29DEA5-C913-4A05-B14A-F9D37E50D5C7}.Debug|Any CPU.ActiveCfg = Debug|Any CPU
		{9C29DEA5-C913-4A05-B14A-F9D37E50D5C7}.Debug|Any CPU.Build.0 = Debug|Any CPU
		{9C29DEA5-C913-4A05-B14A-F9D37E50D5C7}.Release|Any CPU.ActiveCfg = Release|Any CPU
		{9C29DEA5-C913-4A05-B14A-F9D37E50D5C7}.Release|Any CPU.Build.0 = Release|Any CPU
		{4D7FE2E5-AC6A-482C-8B58-0CEC3082F568}.Debug|Any CPU.ActiveCfg = Debug|Any CPU
		{4D7FE2E5-AC6A-482C-8B58-0CEC3082F568}.Debug|Any CPU.Build.0 = Debug|Any CPU
		{4D7FE2E5-AC6A-482C-8B58-0CEC3082F568}.Release|Any CPU.ActiveCfg = Release|Any CPU
		{4D7FE2E5-AC6A-482C-8B58-0CEC3082F568}.Release|Any CPU.Build.0 = Release|Any CPU
	EndGlobalSection
	GlobalSection(SolutionProperties) = preSolution
		HideSolutionNode = FALSE
	EndGlobalSection
	GlobalSection(ExtensibilityGlobals) = postSolution
		SolutionGuid = {7A0EB0DA-4C78-4D33-A611-D3A3706318F4}
	EndGlobalSection
EndGlobal
